
Microsoft Visual Studio Solution File, Format Version 12.00
# Visual Studio 15
VisualStudioVersion = 15.0.28307.271
MinimumVisualStudioVersion = 10.0.40219.1
Project("{FAE04EC0-301F-11D3-BF4B-00C04F79EFBC}") = "MovieNightBot", "MovieNightBot\MovieNightBot.csproj", "{8ADB499C-8610-4330-A4B6-54C199FE6C85}"
EndProject
Global
	GlobalSection(SolutionConfigurationPlatforms) = preSolution
		Debug|Any CPU = Debug|Any CPU
		Release|Any CPU = Release|Any CPU
	EndGlobalSection
	GlobalSection(ProjectConfigurationPlatforms) = postSolution
		{8ADB499C-8610-4330-A4B6-54C199FE6C85}.Debug|Any CPU.ActiveCfg = Debug|Any CPU
		{8ADB499C-8610-4330-A4B6-54C199FE6C85}.Debug|Any CPU.Build.0 = Debug|Any CPU
		{8ADB499C-8610-4330-A4B6-54C199FE6C85}.Release|Any CPU.ActiveCfg = Release|Any CPU
		{8ADB499C-8610-4330-A4B6-54C199FE6C85}.Release|Any CPU.Build.0 = Release|Any CPU
	EndGlobalSection
	GlobalSection(SolutionProperties) = preSolution
		HideSolutionNode = FALSE
	EndGlobalSection
	GlobalSection(ExtensibilityGlobals) = postSolution
		SolutionGuid = {D7FA76D0-659D-4470-A31A-5B7F25E8EEAA}
	EndGlobalSection
EndGlobal
